
Microsoft Visual Studio Solution File, Format Version 12.00
# Visual Studio Version 16
VisualStudioVersion = 16.0.30804.86
MinimumVisualStudioVersion = 10.0.40219.1
Project("{2150E333-8FDC-42A3-9474-1A3956D46DE8}") = "Behavioral", "Behavioral", "{17DEC64A-8236-488A-AA05-F5016F216FF9}"
EndProject
Project("{9A19103F-16F7-4668-BE54-9A1E7A4F7556}") = "Strategy", "Behavioral\Strategy\Strategy.csproj", "{CA32904F-8850-4D47-9A3E-B39640F8BA68}"
EndProject
Project("{2150E333-8FDC-42A3-9474-1A3956D46DE8}") = "Creational", "Creational", "{3D442204-8317-484E-9FA2-4DDBA2B8B187}"
EndProject
Project("{2150E333-8FDC-42A3-9474-1A3956D46DE8}") = "Structural", "Structural", "{470CA887-1BDB-42A4-ACBC-ABFF7BDA1C06}"
EndProject
Project("{9A19103F-16F7-4668-BE54-9A1E7A4F7556}") = "Facade", "Facade\Facade.csproj", "{84E182EE-095B-401F-852D-26720D5E38BB}"
EndProject
Project("{9A19103F-16F7-4668-BE54-9A1E7A4F7556}") = "Adapter", "Adapter\Adapter.csproj", "{EA07B117-0390-41B2-A09E-AF567E3D3558}"
EndProject
Project("{9A19103F-16F7-4668-BE54-9A1E7A4F7556}") = "Builder", "Creational\Builder\Builder.csproj", "{5101F764-4792-437C-9DBA-A2CFE4E13F82}"
EndProject
Project("{9A19103F-16F7-4668-BE54-9A1E7A4F7556}") = "Factory", "Creational\Factory\Factory.csproj", "{AC2F21CA-D794-4EBA-94B5-CC2E88684C1B}"
EndProject
Project("{9A19103F-16F7-4668-BE54-9A1E7A4F7556}") = "Singleton", "Creational\Singleton\Singleton.csproj", "{83F3E389-3BBB-44F5-B92A-A5B487C05274}"
EndProject
Project("{9A19103F-16F7-4668-BE54-9A1E7A4F7556}") = "Prototype", "Creational\Prototype\Prototype\Prototype.csproj", "{D074C019-57B6-4F25-8033-B2E5F7CE9758}"
EndProject
Project("{9A19103F-16F7-4668-BE54-9A1E7A4F7556}") = "AbstractFactory", "Creational\AbstractFactory\AbstractFactory.csproj", "{AE409EC0-333B-42FD-83B5-F0E82229C818}"
EndProject
Project("{9A19103F-16F7-4668-BE54-9A1E7A4F7556}") = "Decorator", "Structural\Decorator\Decorator.csproj", "{024D7543-88C9-4A77-8EDA-8918968362B0}"
EndProject
Project("{FAE04EC0-301F-11D3-BF4B-00C04F79EFBC}") = "Mediator", "Behavioral\Mediator\Mediator.csproj", "{2EA7BB64-CA8D-4BA9-87BF-994A553821CA}"
EndProject
Global
	GlobalSection(SolutionConfigurationPlatforms) = preSolution
		Debug|Any CPU = Debug|Any CPU
		Release|Any CPU = Release|Any CPU
	EndGlobalSection
	GlobalSection(ProjectConfigurationPlatforms) = postSolution
		{CA32904F-8850-4D47-9A3E-B39640F8BA68}.Debug|Any CPU.ActiveCfg = Debug|Any CPU
		{CA32904F-8850-4D47-9A3E-B39640F8BA68}.Debug|Any CPU.Build.0 = Debug|Any CPU
		{CA32904F-8850-4D47-9A3E-B39640F8BA68}.Release|Any CPU.ActiveCfg = Release|Any CPU
		{CA32904F-8850-4D47-9A3E-B39640F8BA68}.Release|Any CPU.Build.0 = Release|Any CPU
		{84E182EE-095B-401F-852D-26720D5E38BB}.Debug|Any CPU.ActiveCfg = Debug|Any CPU
		{84E182EE-095B-401F-852D-26720D5E38BB}.Debug|Any CPU.Build.0 = Debug|Any CPU
		{84E182EE-095B-401F-852D-26720D5E38BB}.Release|Any CPU.ActiveCfg = Release|Any CPU
		{84E182EE-095B-401F-852D-26720D5E38BB}.Release|Any CPU.Build.0 = Release|Any CPU
		{EA07B117-0390-41B2-A09E-AF567E3D3558}.Debug|Any CPU.ActiveCfg = Debug|Any CPU
		{EA07B117-0390-41B2-A09E-AF567E3D3558}.Debug|Any CPU.Build.0 = Debug|Any CPU
		{EA07B117-0390-41B2-A09E-AF567E3D3558}.Release|Any CPU.ActiveCfg = Release|Any CPU
		{EA07B117-0390-41B2-A09E-AF567E3D3558}.Release|Any CPU.Build.0 = Release|Any CPU
		{5101F764-4792-437C-9DBA-A2CFE4E13F82}.Debug|Any CPU.ActiveCfg = Debug|Any CPU
		{5101F764-4792-437C-9DBA-A2CFE4E13F82}.Debug|Any CPU.Build.0 = Debug|Any CPU
		{5101F764-4792-437C-9DBA-A2CFE4E13F82}.Release|Any CPU.ActiveCfg = Release|Any CPU
		{5101F764-4792-437C-9DBA-A2CFE4E13F82}.Release|Any CPU.Build.0 = Release|Any CPU
		{AC2F21CA-D794-4EBA-94B5-CC2E88684C1B}.Debug|Any CPU.ActiveCfg = Debug|Any CPU
		{AC2F21CA-D794-4EBA-94B5-CC2E88684C1B}.Debug|Any CPU.Build.0 = Debug|Any CPU
		{AC2F21CA-D794-4EBA-94B5-CC2E88684C1B}.Release|Any CPU.ActiveCfg = Release|Any CPU
		{AC2F21CA-D794-4EBA-94B5-CC2E88684C1B}.Release|Any CPU.Build.0 = Release|Any CPU
		{83F3E389-3BBB-44F5-B92A-A5B487C05274}.Debug|Any CPU.ActiveCfg = Debug|Any CPU
		{83F3E389-3BBB-44F5-B92A-A5B487C05274}.Debug|Any CPU.Build.0 = Debug|Any CPU
		{83F3E389-3BBB-44F5-B92A-A5B487C05274}.Release|Any CPU.ActiveCfg = Release|Any CPU
		{83F3E389-3BBB-44F5-B92A-A5B487C05274}.Release|Any CPU.Build.0 = Release|Any CPU
		{D074C019-57B6-4F25-8033-B2E5F7CE9758}.Debug|Any CPU.ActiveCfg = Debug|Any CPU
		{D074C019-57B6-4F25-8033-B2E5F7CE9758}.Debug|Any CPU.Build.0 = Debug|Any CPU
		{D074C019-57B6-4F25-8033-B2E5F7CE9758}.Release|Any CPU.ActiveCfg = Release|Any CPU
		{D074C019-57B6-4F25-8033-B2E5F7CE9758}.Release|Any CPU.Build.0 = Release|Any CPU
		{AE409EC0-333B-42FD-83B5-F0E82229C818}.Debug|Any CPU.ActiveCfg = Debug|Any CPU
		{AE409EC0-333B-42FD-83B5-F0E82229C818}.Debug|Any CPU.Build.0 = Debug|Any CPU
		{AE409EC0-333B-42FD-83B5-F0E82229C818}.Release|Any CPU.ActiveCfg = Release|Any CPU
		{AE409EC0-333B-42FD-83B5-F0E82229C818}.Release|Any CPU.Build.0 = Release|Any CPU
		{024D7543-88C9-4A77-8EDA-8918968362B0}.Debug|Any CPU.ActiveCfg = Debug|Any CPU
		{024D7543-88C9-4A77-8EDA-8918968362B0}.Debug|Any CPU.Build.0 = Debug|Any CPU
		{024D7543-88C9-4A77-8EDA-8918968362B0}.Release|Any CPU.ActiveCfg = Release|Any CPU
		{024D7543-88C9-4A77-8EDA-8918968362B0}.Release|Any CPU.Build.0 = Release|Any CPU
		{2EA7BB64-CA8D-4BA9-87BF-994A553821CA}.Debug|Any CPU.ActiveCfg = Debug|Any CPU
		{2EA7BB64-CA8D-4BA9-87BF-994A553821CA}.Debug|Any CPU.Build.0 = Debug|Any CPU
		{2EA7BB64-CA8D-4BA9-87BF-994A553821CA}.Release|Any CPU.ActiveCfg = Release|Any CPU
		{2EA7BB64-CA8D-4BA9-87BF-994A553821CA}.Release|Any CPU.Build.0 = Release|Any CPU
	EndGlobalSection
	GlobalSection(SolutionProperties) = preSolution
		HideSolutionNode = FALSE
	EndGlobalSection
	GlobalSection(NestedProjects) = preSolution
		{CA32904F-8850-4D47-9A3E-B39640F8BA68} = {17DEC64A-8236-488A-AA05-F5016F216FF9}
		{84E182EE-095B-401F-852D-26720D5E38BB} = {470CA887-1BDB-42A4-ACBC-ABFF7BDA1C06}
		{EA07B117-0390-41B2-A09E-AF567E3D3558} = {470CA887-1BDB-42A4-ACBC-ABFF7BDA1C06}
		{5101F764-4792-437C-9DBA-A2CFE4E13F82} = {3D442204-8317-484E-9FA2-4DDBA2B8B187}
		{AC2F21CA-D794-4EBA-94B5-CC2E88684C1B} = {3D442204-8317-484E-9FA2-4DDBA2B8B187}
		{83F3E389-3BBB-44F5-B92A-A5B487C05274} = {3D442204-8317-484E-9FA2-4DDBA2B8B187}
		{D074C019-57B6-4F25-8033-B2E5F7CE9758} = {3D442204-8317-484E-9FA2-4DDBA2B8B187}
		{AE409EC0-333B-42FD-83B5-F0E82229C818} = {3D442204-8317-484E-9FA2-4DDBA2B8B187}
		{024D7543-88C9-4A77-8EDA-8918968362B0} = {470CA887-1BDB-42A4-ACBC-ABFF7BDA1C06}
		{2EA7BB64-CA8D-4BA9-87BF-994A553821CA} = {17DEC64A-8236-488A-AA05-F5016F216FF9}
	EndGlobalSection
	GlobalSection(ExtensibilityGlobals) = postSolution
		SolutionGuid = {EED30954-1DD4-46B1-AEBC-2A78292061A7}
	EndGlobalSection
EndGlobal
