
Microsoft Visual Studio Solution File, Format Version 12.00
# Visual Studio Version 16
VisualStudioVersion = 16.0.30804.86
MinimumVisualStudioVersion = 10.0.40219.1
Project("{2150E333-8FDC-42A3-9474-1A3956D46DE8}") = "Behavioral", "Behavioral", "{17DEC64A-8236-488A-AA05-F5016F216FF9}"
EndProject
Project("{FAE04EC0-301F-11D3-BF4B-00C04F79EFBC}") = "Strategy", "Behavioral\Strategy\Strategy.csproj", "{CA32904F-8850-4D47-9A3E-B39640F8BA68}"
EndProject
Global
	GlobalSection(SolutionConfigurationPlatforms) = preSolution
		Debug|Any CPU = Debug|Any CPU
		Release|Any CPU = Release|Any CPU
	EndGlobalSection
	GlobalSection(ProjectConfigurationPlatforms) = postSolution
		{CA32904F-8850-4D47-9A3E-B39640F8BA68}.Debug|Any CPU.ActiveCfg = Debug|Any CPU
		{CA32904F-8850-4D47-9A3E-B39640F8BA68}.Debug|Any CPU.Build.0 = Debug|Any CPU
		{CA32904F-8850-4D47-9A3E-B39640F8BA68}.Release|Any CPU.ActiveCfg = Release|Any CPU
		{CA32904F-8850-4D47-9A3E-B39640F8BA68}.Release|Any CPU.Build.0 = Release|Any CPU
	EndGlobalSection
	GlobalSection(SolutionProperties) = preSolution
		HideSolutionNode = FALSE
	EndGlobalSection
	GlobalSection(NestedProjects) = preSolution
		{CA32904F-8850-4D47-9A3E-B39640F8BA68} = {17DEC64A-8236-488A-AA05-F5016F216FF9}
	EndGlobalSection
	GlobalSection(ExtensibilityGlobals) = postSolution
		SolutionGuid = {EED30954-1DD4-46B1-AEBC-2A78292061A7}
	EndGlobalSection
EndGlobal
